
Microsoft Visual Studio Solution File, Format Version 12.00
# Visual Studio Version 17
VisualStudioVersion = 17.1.32210.238
MinimumVisualStudioVersion = 10.0.40219.1
Project("{FAE04EC0-301F-11D3-BF4B-00C04F79EFBC}") = "MyJournalConsole", "MyJournalConsole\MyJournalConsole.csproj", "{9E87D2A4-39A2-4B95-8DF0-DA0D62A42F6B}"
EndProject
Project("{FAE04EC0-301F-11D3-BF4B-00C04F79EFBC}") = "MyJournalLogic", "MyJournalLogic\MyJournalLogic.csproj", "{101F23D8-8520-47E9-9537-B13440ECF495}"
EndProject
Global
	GlobalSection(SolutionConfigurationPlatforms) = preSolution
		Debug|Any CPU = Debug|Any CPU
		Release|Any CPU = Release|Any CPU
	EndGlobalSection
	GlobalSection(ProjectConfigurationPlatforms) = postSolution
		{9E87D2A4-39A2-4B95-8DF0-DA0D62A42F6B}.Debug|Any CPU.ActiveCfg = Debug|Any CPU
		{9E87D2A4-39A2-4B95-8DF0-DA0D62A42F6B}.Debug|Any CPU.Build.0 = Debug|Any CPU
		{9E87D2A4-39A2-4B95-8DF0-DA0D62A42F6B}.Release|Any CPU.ActiveCfg = Release|Any CPU
		{9E87D2A4-39A2-4B95-8DF0-DA0D62A42F6B}.Release|Any CPU.Build.0 = Release|Any CPU
		{101F23D8-8520-47E9-9537-B13440ECF495}.Debug|Any CPU.ActiveCfg = Debug|Any CPU
		{101F23D8-8520-47E9-9537-B13440ECF495}.Debug|Any CPU.Build.0 = Debug|Any CPU
		{101F23D8-8520-47E9-9537-B13440ECF495}.Release|Any CPU.ActiveCfg = Release|Any CPU
		{101F23D8-8520-47E9-9537-B13440ECF495}.Release|Any CPU.Build.0 = Release|Any CPU
	EndGlobalSection
	GlobalSection(SolutionProperties) = preSolution
		HideSolutionNode = FALSE
	EndGlobalSection
	GlobalSection(ExtensibilityGlobals) = postSolution
		SolutionGuid = {7A952134-6757-4E41-997D-BE3D523A3B2B}
	EndGlobalSection
EndGlobal
